
Microsoft Visual Studio Solution File, Format Version 12.00
# Visual Studio Express 2012 for Windows Desktop
Project("{FAE04EC0-301F-11D3-BF4B-00C04F79EFBC}") = "hashingService", "hashingService\hashingService.csproj", "{67477862-C965-4C0E-9648-5F8F7CFB65EA}"
EndProject
Global
	GlobalSection(SolutionConfigurationPlatforms) = preSolution
		Debug|Any CPU = Debug|Any CPU
		Release|Any CPU = Release|Any CPU
	EndGlobalSection
	GlobalSection(ProjectConfigurationPlatforms) = postSolution
		{67477862-C965-4C0E-9648-5F8F7CFB65EA}.Debug|Any CPU.ActiveCfg = Debug|Any CPU
		{67477862-C965-4C0E-9648-5F8F7CFB65EA}.Debug|Any CPU.Build.0 = Debug|Any CPU
		{67477862-C965-4C0E-9648-5F8F7CFB65EA}.Release|Any CPU.ActiveCfg = Release|Any CPU
		{67477862-C965-4C0E-9648-5F8F7CFB65EA}.Release|Any CPU.Build.0 = Release|Any CPU
	EndGlobalSection
	GlobalSection(SolutionProperties) = preSolution
		HideSolutionNode = FALSE
	EndGlobalSection
EndGlobal
